
Microsoft Visual Studio Solution File, Format Version 12.00
# Visual Studio Version 16
VisualStudioVersion = 16.0.29230.47
MinimumVisualStudioVersion = 10.0.40219.1
Project("{FAE04EC0-301F-11D3-BF4B-00C04F79EFBC}") = "Final_IS7024", "Final_IS7024.csproj", "{96B21F06-362F-4681-8B56-AAC00FF1AA5B}"
EndProject
Global
	GlobalSection(SolutionConfigurationPlatforms) = preSolution
		Debug|Any CPU = Debug|Any CPU
		Release|Any CPU = Release|Any CPU
	EndGlobalSection
	GlobalSection(ProjectConfigurationPlatforms) = postSolution
		{96B21F06-362F-4681-8B56-AAC00FF1AA5B}.Debug|Any CPU.ActiveCfg = Debug|Any CPU
		{96B21F06-362F-4681-8B56-AAC00FF1AA5B}.Debug|Any CPU.Build.0 = Debug|Any CPU
		{96B21F06-362F-4681-8B56-AAC00FF1AA5B}.Release|Any CPU.ActiveCfg = Release|Any CPU
		{96B21F06-362F-4681-8B56-AAC00FF1AA5B}.Release|Any CPU.Build.0 = Release|Any CPU
	EndGlobalSection
	GlobalSection(SolutionProperties) = preSolution
		HideSolutionNode = FALSE
	EndGlobalSection
	GlobalSection(ExtensibilityGlobals) = postSolution
		SolutionGuid = {328729D0-971D-439E-925E-B86E088344D4}
	EndGlobalSection
EndGlobal
